
Microsoft Visual Studio Solution File, Format Version 12.00
# Visual Studio Version 16
VisualStudioVersion = 25.0.1700.7
MinimumVisualStudioVersion = 10.0.40219.1
Project("{FAE04EC0-301F-11D3-BF4B-00C04F79EFBC}") = "BlazingTrails.Client", "BlazingTrails.Client\BlazingTrails.Client.csproj", "{C92529AF-756B-4476-82A4-B2510E9D187E}"
EndProject
Global
	GlobalSection(SolutionConfigurationPlatforms) = preSolution
		Debug|Any CPU = Debug|Any CPU
		Release|Any CPU = Release|Any CPU
	EndGlobalSection
	GlobalSection(ProjectConfigurationPlatforms) = postSolution
		{C92529AF-756B-4476-82A4-B2510E9D187E}.Debug|Any CPU.ActiveCfg = Debug|Any CPU
		{C92529AF-756B-4476-82A4-B2510E9D187E}.Debug|Any CPU.Build.0 = Debug|Any CPU
		{C92529AF-756B-4476-82A4-B2510E9D187E}.Release|Any CPU.ActiveCfg = Release|Any CPU
		{C92529AF-756B-4476-82A4-B2510E9D187E}.Release|Any CPU.Build.0 = Release|Any CPU
	EndGlobalSection
	GlobalSection(SolutionProperties) = preSolution
		HideSolutionNode = FALSE
	EndGlobalSection
	GlobalSection(ExtensibilityGlobals) = postSolution
		SolutionGuid = {2786BE26-A75F-46F7-8FFB-84D266D5E0E4}
	EndGlobalSection
EndGlobal
